
Microsoft Visual Studio Solution File, Format Version 12.00
# Visual Studio Version 16
VisualStudioVersion = 16.0.31005.135
MinimumVisualStudioVersion = 10.0.40219.1
Project("{9A19103F-16F7-4668-BE54-9A1E7A4F7556}") = "Telegram", "Telegram\Telegram.csproj", "{E60B80FA-01F8-483B-AB78-B61AFD82835C}"
EndProject
Project("{FAE04EC0-301F-11D3-BF4B-00C04F79EFBC}") = "Test", "Test\Test.csproj", "{5ACE286A-5995-4726-AF86-71231D50BE69}"
EndProject
Project("{9A19103F-16F7-4668-BE54-9A1E7A4F7556}") = "HhLib", "HhLib\HhLib.csproj", "{03424E7B-CE4F-4F09-8245-2AE458D2029E}"
EndProject
Project("{FAE04EC0-301F-11D3-BF4B-00C04F79EFBC}") = "ServerApplicationInterface", "ServerApplicationInterface\ServerApplicationInterface.csproj", "{C0FD72A6-B259-424D-A588-3A4135EA10B9}"
EndProject
Global
	GlobalSection(SolutionConfigurationPlatforms) = preSolution
		Debug|Any CPU = Debug|Any CPU
		Release|Any CPU = Release|Any CPU
	EndGlobalSection
	GlobalSection(ProjectConfigurationPlatforms) = postSolution
		{E60B80FA-01F8-483B-AB78-B61AFD82835C}.Debug|Any CPU.ActiveCfg = Debug|Any CPU
		{E60B80FA-01F8-483B-AB78-B61AFD82835C}.Debug|Any CPU.Build.0 = Debug|Any CPU
		{E60B80FA-01F8-483B-AB78-B61AFD82835C}.Release|Any CPU.ActiveCfg = Release|Any CPU
		{E60B80FA-01F8-483B-AB78-B61AFD82835C}.Release|Any CPU.Build.0 = Release|Any CPU
		{5ACE286A-5995-4726-AF86-71231D50BE69}.Debug|Any CPU.ActiveCfg = Debug|Any CPU
		{5ACE286A-5995-4726-AF86-71231D50BE69}.Debug|Any CPU.Build.0 = Debug|Any CPU
		{5ACE286A-5995-4726-AF86-71231D50BE69}.Release|Any CPU.ActiveCfg = Release|Any CPU
		{5ACE286A-5995-4726-AF86-71231D50BE69}.Release|Any CPU.Build.0 = Release|Any CPU
		{03424E7B-CE4F-4F09-8245-2AE458D2029E}.Debug|Any CPU.ActiveCfg = Debug|Any CPU
		{03424E7B-CE4F-4F09-8245-2AE458D2029E}.Debug|Any CPU.Build.0 = Debug|Any CPU
		{03424E7B-CE4F-4F09-8245-2AE458D2029E}.Release|Any CPU.ActiveCfg = Release|Any CPU
		{03424E7B-CE4F-4F09-8245-2AE458D2029E}.Release|Any CPU.Build.0 = Release|Any CPU
		{C0FD72A6-B259-424D-A588-3A4135EA10B9}.Debug|Any CPU.ActiveCfg = Debug|Any CPU
		{C0FD72A6-B259-424D-A588-3A4135EA10B9}.Debug|Any CPU.Build.0 = Debug|Any CPU
		{C0FD72A6-B259-424D-A588-3A4135EA10B9}.Release|Any CPU.ActiveCfg = Release|Any CPU
		{C0FD72A6-B259-424D-A588-3A4135EA10B9}.Release|Any CPU.Build.0 = Release|Any CPU
	EndGlobalSection
	GlobalSection(SolutionProperties) = preSolution
		HideSolutionNode = FALSE
	EndGlobalSection
	GlobalSection(ExtensibilityGlobals) = postSolution
		SolutionGuid = {D233F388-092D-4800-A8FC-40857FD43522}
	EndGlobalSection
EndGlobal
